<?xml version="1.0" encoding="utf-8"?>
<Project ToolsVersion="4.0" xmlns="http://schemas.microsoft.com/developer/msbuild/2003">
  <ItemGroup>
    <Filter Include="Doc">
      <UniqueIdentifier>{1885a228-bf78-4dcf-a35e-c1c23bff845f}</UniqueIdentifier>
    </Filter>
    <Filter Include="Library">
      <UniqueIdentifier>{cf3d8d05-b25f-4877-a887-76e454ff9069}</UniqueIdentifier>
    </Filter>
    <Filter Include="Logs">
      <UniqueIdentifier>{437b9d5f-a1fa-41ac-a0cc-3465c31fcb86}</UniqueIdentifier>
    </Filter>
    <Filter Include="World">
      <UniqueIdentifier>{ad1cccd8-2ed6-4257-8950-3af8dee49e65}</UniqueIdentifier>
    </Filter>
  </ItemGroup>
  <ItemGroup>
    <Text Include="Doc\Admin.txt">
      <Filter>Doc</Filter>
    </Text>
    <Text Include="Doc\Building.txt">
      <Filter>Doc</Filter>
    </Text>
    <Text Include="Doc\Coding.txt">
      <Filter>Doc</Filter>
    </Text>
    <Text Include="Library\Greeting.txt">
      <Filter>Library</Filter>
    </Text>
    <Text Include="Library\Help.txt">
      <Filter>Library</Filter>
    </Text>
    <Text Include="Library\Motd.txt">
      <Filter>Library</Filter>
    </Text>
    <Text Include="Library\ValidNames.txt">
      <Filter>Library</Filter>
    </Text>
    <Text Include="Logs\Log.txt">
      <Filter>Logs</Filter>
    </Text>
    <Text Include="World\Mobiles.txt">
      <Filter>World</Filter>
    </Text>
    <Text Include="World\Objects.txt">
      <Filter>World</Filter>
    </Text>
    <Text Include="World\Rooms.txt">
      <Filter>World</Filter>
    </Text>
  </ItemGroup>
</Project>