<Solution>
  <Configurations>
    <Platform Name="ARM" />
    <Platform Name="ARM64" />
    <Platform Name="x64" />
    <Platform Name="x86" />
  </Configurations>
  <Project Path="YaGs.vcxproj" Id="b34f02e0-8a72-45ef-a7c6-9b7970cf16ed">
    <Platform Solution="*|x86" Project="x86" />
    <Deploy />
  </Project>
</Solution>
